// !$*UTF8*$!
{
	archiveVersion = 1;
	classes = {
	};
	objectVersion = 46;
	objects = {

/* Begin PBXBuildFile section */
		C92B5E7116C8C78200BEFCCA /* MPEdnSymbol.m in Sources */ = {isa = PBXBuildFile; fileRef = C92B5E7016C8C78200BEFCCA /* MPEdnSymbol.m */; };
		C92B5E7216C8C78200BEFCCA /* MPEdnSymbol.m in Sources */ = {isa = PBXBuildFile; fileRef = C92B5E7016C8C78200BEFCCA /* MPEdnSymbol.m */; };
		C953E0AD16CDC852007E1043 /* MPEdnParser.m in Sources */ = {isa = PBXBuildFile; fileRef = C953E0AC16CDC852007E1043 /* MPEdnParser.m */; };
		C953E0B116CDDDA9007E1043 /* MPEdnWriterTests.m in Sources */ = {isa = PBXBuildFile; fileRef = C953E0B016CDDDA9007E1043 /* MPEdnWriterTests.m */; };
		C953E0B416CDDDFA007E1043 /* MPEdnWriter.m in Sources */ = {isa = PBXBuildFile; fileRef = C953E0B316CDDDFA007E1043 /* MPEdnWriter.m */; };
		C953E0B516CDDDFA007E1043 /* MPEdnWriter.m in Sources */ = {isa = PBXBuildFile; fileRef = C953E0B316CDDDFA007E1043 /* MPEdnWriter.m */; };
		C9FD3A3516C4D04700F3757E /* Foundation.framework in Frameworks */ = {isa = PBXBuildFile; fileRef = C9FD3A3416C4D04700F3757E /* Foundation.framework */; };
		C9FD3A3A16C4D04700F3757E /* MPEdn.h in CopyFiles */ = {isa = PBXBuildFile; fileRef = C9FD3A3916C4D04700F3757E /* MPEdn.h */; };
		C9FD3A3C16C4D04700F3757E /* MPEdn.m in Sources */ = {isa = PBXBuildFile; fileRef = C9FD3A3B16C4D04700F3757E /* MPEdn.m */; };
		C9FD3A4416C4D04800F3757E /* SenTestingKit.framework in Frameworks */ = {isa = PBXBuildFile; fileRef = C9FD3A4316C4D04800F3757E /* SenTestingKit.framework */; };
		C9FD3A4716C4D04800F3757E /* Foundation.framework in Frameworks */ = {isa = PBXBuildFile; fileRef = C9FD3A3416C4D04700F3757E /* Foundation.framework */; };
		C9FD3A4A16C4D04800F3757E /* libMPEdn.a in Frameworks */ = {isa = PBXBuildFile; fileRef = C9FD3A3116C4D04700F3757E /* libMPEdn.a */; };
		C9FD3A5016C4D04800F3757E /* InfoPlist.strings in Resources */ = {isa = PBXBuildFile; fileRef = C9FD3A4E16C4D04800F3757E /* InfoPlist.strings */; };
		C9FD3A5316C4D04800F3757E /* MPEdnParserTests.m in Sources */ = {isa = PBXBuildFile; fileRef = C9FD3A5216C4D04800F3757E /* MPEdnParserTests.m */; };
		C9FD3A5C16C4D0F100F3757E /* MPEdn.m in Sources */ = {isa = PBXBuildFile; fileRef = C9FD3A3B16C4D04700F3757E /* MPEdn.m */; };
/* End PBXBuildFile section */

/* Begin PBXContainerItemProxy section */
		C9FD3A4816C4D04800F3757E /* PBXContainerItemProxy */ = {
			isa = PBXContainerItemProxy;
			containerPortal = C9FD3A2816C4D04700F3757E /* Project object */;
			proxyType = 1;
			remoteGlobalIDString = C9FD3A3016C4D04700F3757E;
			remoteInfo = MPEdn;
		};
/* End PBXContainerItemProxy section */

/* Begin PBXCopyFilesBuildPhase section */
		C9FD3A2F16C4D04700F3757E /* CopyFiles */ = {
			isa = PBXCopyFilesBuildPhase;
			buildActionMask = 2147483647;
			dstPath = "include/${PRODUCT_NAME}";
			dstSubfolderSpec = 16;
			files = (
				C9FD3A3A16C4D04700F3757E /* MPEdn.h in CopyFiles */,
			);
			runOnlyForDeploymentPostprocessing = 0;
		};
/* End PBXCopyFilesBuildPhase section */

/* Begin PBXFileReference section */
		C92B5E6F16C8C78200BEFCCA /* MPEdnSymbol.h */ = {isa = PBXFileReference; fileEncoding = 4; lastKnownFileType = sourcecode.c.h; path = MPEdnSymbol.h; sourceTree = "<group>"; };
		C92B5E7016C8C78200BEFCCA /* MPEdnSymbol.m */ = {isa = PBXFileReference; fileEncoding = 4; lastKnownFileType = sourcecode.c.objc; path = MPEdnSymbol.m; sourceTree = "<group>"; };
		C953E0AB16CDC852007E1043 /* MPEdnParser.h */ = {isa = PBXFileReference; fileEncoding = 4; lastKnownFileType = sourcecode.c.h; path = MPEdnParser.h; sourceTree = "<group>"; };
		C953E0AC16CDC852007E1043 /* MPEdnParser.m */ = {isa = PBXFileReference; fileEncoding = 4; lastKnownFileType = sourcecode.c.objc; path = MPEdnParser.m; sourceTree = "<group>"; };
		C953E0AF16CDDDA9007E1043 /* MPEdnWriterTests.h */ = {isa = PBXFileReference; fileEncoding = 4; lastKnownFileType = sourcecode.c.h; path = MPEdnWriterTests.h; sourceTree = "<group>"; };
		C953E0B016CDDDA9007E1043 /* MPEdnWriterTests.m */ = {isa = PBXFileReference; fileEncoding = 4; lastKnownFileType = sourcecode.c.objc; path = MPEdnWriterTests.m; sourceTree = "<group>"; };
		C953E0B216CDDDFA007E1043 /* MPEdnWriter.h */ = {isa = PBXFileReference; fileEncoding = 4; lastKnownFileType = sourcecode.c.h; path = MPEdnWriter.h; sourceTree = "<group>"; };
		C953E0B316CDDDFA007E1043 /* MPEdnWriter.m */ = {isa = PBXFileReference; fileEncoding = 4; lastKnownFileType = sourcecode.c.objc; path = MPEdnWriter.m; sourceTree = "<group>"; };
		C9FD3A3116C4D04700F3757E /* libMPEdn.a */ = {isa = PBXFileReference; explicitFileType = archive.ar; includeInIndex = 0; path = libMPEdn.a; sourceTree = BUILT_PRODUCTS_DIR; };
		C9FD3A3416C4D04700F3757E /* Foundation.framework */ = {isa = PBXFileReference; lastKnownFileType = wrapper.framework; name = Foundation.framework; path = System/Library/Frameworks/Foundation.framework; sourceTree = SDKROOT; };
		C9FD3A3816C4D04700F3757E /* MPEdn-Prefix.pch */ = {isa = PBXFileReference; lastKnownFileType = sourcecode.c.h; path = "MPEdn-Prefix.pch"; sourceTree = "<group>"; };
		C9FD3A3916C4D04700F3757E /* MPEdn.h */ = {isa = PBXFileReference; lastKnownFileType = sourcecode.c.h; path = MPEdn.h; sourceTree = "<group>"; };
		C9FD3A3B16C4D04700F3757E /* MPEdn.m */ = {isa = PBXFileReference; lastKnownFileType = sourcecode.c.objc; path = MPEdn.m; sourceTree = "<group>"; };
		C9FD3A4216C4D04800F3757E /* MPEdnTests.octest */ = {isa = PBXFileReference; explicitFileType = wrapper.cfbundle; includeInIndex = 0; path = MPEdnTests.octest; sourceTree = BUILT_PRODUCTS_DIR; };
		C9FD3A4316C4D04800F3757E /* SenTestingKit.framework */ = {isa = PBXFileReference; lastKnownFileType = wrapper.framework; name = SenTestingKit.framework; path = Library/Frameworks/SenTestingKit.framework; sourceTree = DEVELOPER_DIR; };
		C9FD3A4D16C4D04800F3757E /* MPEdnTests-Info.plist */ = {isa = PBXFileReference; lastKnownFileType = text.plist.xml; path = "MPEdnTests-Info.plist"; sourceTree = "<group>"; };
		C9FD3A4F16C4D04800F3757E /* en */ = {isa = PBXFileReference; lastKnownFileType = text.plist.strings; name = en; path = en.lproj/InfoPlist.strings; sourceTree = "<group>"; };
		C9FD3A5116C4D04800F3757E /* MPEdnParserTests.h */ = {isa = PBXFileReference; lastKnownFileType = sourcecode.c.h; path = MPEdnParserTests.h; sourceTree = "<group>"; };
		C9FD3A5216C4D04800F3757E /* MPEdnParserTests.m */ = {isa = PBXFileReference; lastKnownFileType = sourcecode.c.objc; path = MPEdnParserTests.m; sourceTree = "<group>"; };
/* End PBXFileReference section */

/* Begin PBXFrameworksBuildPhase section */
		C9FD3A2E16C4D04700F3757E /* Frameworks */ = {
			isa = PBXFrameworksBuildPhase;
			buildActionMask = 2147483647;
			files = (
				C9FD3A3516C4D04700F3757E /* Foundation.framework in Frameworks */,
			);
			runOnlyForDeploymentPostprocessing = 0;
		};
		C9FD3A3E16C4D04800F3757E /* Frameworks */ = {
			isa = PBXFrameworksBuildPhase;
			buildActionMask = 2147483647;
			files = (
				C9FD3A4416C4D04800F3757E /* SenTestingKit.framework in Frameworks */,
				C9FD3A4716C4D04800F3757E /* Foundation.framework in Frameworks */,
				C9FD3A4A16C4D04800F3757E /* libMPEdn.a in Frameworks */,
			);
			runOnlyForDeploymentPostprocessing = 0;
		};
/* End PBXFrameworksBuildPhase section */

/* Begin PBXGroup section */
		C9FD3A2616C4D04700F3757E = {
			isa = PBXGroup;
			children = (
				C9FD3A3616C4D04700F3757E /* MPEdn */,
				C9FD3A4B16C4D04800F3757E /* MPEdnTests */,
				C9FD3A3316C4D04700F3757E /* Frameworks */,
				C9FD3A3216C4D04700F3757E /* Products */,
			);
			sourceTree = "<group>";
		};
		C9FD3A3216C4D04700F3757E /* Products */ = {
			isa = PBXGroup;
			children = (
				C9FD3A3116C4D04700F3757E /* libMPEdn.a */,
				C9FD3A4216C4D04800F3757E /* MPEdnTests.octest */,
			);
			name = Products;
			sourceTree = "<group>";
		};
		C9FD3A3316C4D04700F3757E /* Frameworks */ = {
			isa = PBXGroup;
			children = (
				C9FD3A3416C4D04700F3757E /* Foundation.framework */,
				C9FD3A4316C4D04800F3757E /* SenTestingKit.framework */,
			);
			name = Frameworks;
			sourceTree = "<group>";
		};
		C9FD3A3616C4D04700F3757E /* MPEdn */ = {
			isa = PBXGroup;
			children = (
				C9FD3A3916C4D04700F3757E /* MPEdn.h */,
				C9FD3A3B16C4D04700F3757E /* MPEdn.m */,
				C953E0AB16CDC852007E1043 /* MPEdnParser.h */,
				C953E0AC16CDC852007E1043 /* MPEdnParser.m */,
				C953E0B216CDDDFA007E1043 /* MPEdnWriter.h */,
				C953E0B316CDDDFA007E1043 /* MPEdnWriter.m */,
				C92B5E6F16C8C78200BEFCCA /* MPEdnSymbol.h */,
				C92B5E7016C8C78200BEFCCA /* MPEdnSymbol.m */,
				C9FD3A3716C4D04700F3757E /* Supporting Files */,
			);
			path = MPEdn;
			sourceTree = "<group>";
		};
		C9FD3A3716C4D04700F3757E /* Supporting Files */ = {
			isa = PBXGroup;
			children = (
				C9FD3A3816C4D04700F3757E /* MPEdn-Prefix.pch */,
			);
			name = "Supporting Files";
			sourceTree = "<group>";
		};
		C9FD3A4B16C4D04800F3757E /* MPEdnTests */ = {
			isa = PBXGroup;
			children = (
				C9FD3A5116C4D04800F3757E /* MPEdnParserTests.h */,
				C9FD3A5216C4D04800F3757E /* MPEdnParserTests.m */,
				C953E0AF16CDDDA9007E1043 /* MPEdnWriterTests.h */,
				C953E0B016CDDDA9007E1043 /* MPEdnWriterTests.m */,
				C9FD3A4C16C4D04800F3757E /* Supporting Files */,
			);
			path = MPEdnTests;
			sourceTree = "<group>";
		};
		C9FD3A4C16C4D04800F3757E /* Supporting Files */ = {
			isa = PBXGroup;
			children = (
				C9FD3A4D16C4D04800F3757E /* MPEdnTests-Info.plist */,
				C9FD3A4E16C4D04800F3757E /* InfoPlist.strings */,
			);
			name = "Supporting Files";
			sourceTree = "<group>";
		};
/* End PBXGroup section */

/* Begin PBXNativeTarget section */
		C9FD3A3016C4D04700F3757E /* MPEdn */ = {
			isa = PBXNativeTarget;
			buildConfigurationList = C9FD3A5616C4D04800F3757E /* Build configuration list for PBXNativeTarget "MPEdn" */;
			buildPhases = (
				C9FD3A2D16C4D04700F3757E /* Sources */,
				C9FD3A2E16C4D04700F3757E /* Frameworks */,
				C9FD3A2F16C4D04700F3757E /* CopyFiles */,
			);
			buildRules = (
			);
			dependencies = (
			);
			name = MPEdn;
			productName = MPEdn;
			productReference = C9FD3A3116C4D04700F3757E /* libMPEdn.a */;
			productType = "com.apple.product-type.library.static";
		};
		C9FD3A4116C4D04800F3757E /* MPEdnTests */ = {
			isa = PBXNativeTarget;
			buildConfigurationList = C9FD3A5916C4D04800F3757E /* Build configuration list for PBXNativeTarget "MPEdnTests" */;
			buildPhases = (
				C9FD3A3D16C4D04800F3757E /* Sources */,
				C9FD3A3E16C4D04800F3757E /* Frameworks */,
				C9FD3A3F16C4D04800F3757E /* Resources */,
				C9FD3A4016C4D04800F3757E /* ShellScript */,
			);
			buildRules = (
			);
			dependencies = (
				C9FD3A4916C4D04800F3757E /* PBXTargetDependency */,
			);
			name = MPEdnTests;
			productName = MPEdnTests;
			productReference = C9FD3A4216C4D04800F3757E /* MPEdnTests.octest */;
			productType = "com.apple.product-type.bundle";
		};
/* End PBXNativeTarget section */

/* Begin PBXProject section */
		C9FD3A2816C4D04700F3757E /* Project object */ = {
			isa = PBXProject;
			attributes = {
				LastUpgradeCheck = 0450;
				ORGANIZATIONNAME = "Matthew Phillips";
			};
			buildConfigurationList = C9FD3A2B16C4D04700F3757E /* Build configuration list for PBXProject "MPEdn" */;
			compatibilityVersion = "Xcode 3.2";
			developmentRegion = English;
			hasScannedForEncodings = 0;
			knownRegions = (
				en,
			);
			mainGroup = C9FD3A2616C4D04700F3757E;
			productRefGroup = C9FD3A3216C4D04700F3757E /* Products */;
			projectDirPath = "";
			projectRoot = "";
			targets = (
				C9FD3A3016C4D04700F3757E /* MPEdn */,
				C9FD3A4116C4D04800F3757E /* MPEdnTests */,
			);
		};
/* End PBXProject section */

/* Begin PBXResourcesBuildPhase section */
		C9FD3A3F16C4D04800F3757E /* Resources */ = {
			isa = PBXResourcesBuildPhase;
			buildActionMask = 2147483647;
			files = (
				C9FD3A5016C4D04800F3757E /* InfoPlist.strings in Resources */,
			);
			runOnlyForDeploymentPostprocessing = 0;
		};
/* End PBXResourcesBuildPhase section */

/* Begin PBXShellScriptBuildPhase section */
		C9FD3A4016C4D04800F3757E /* ShellScript */ = {
			isa = PBXShellScriptBuildPhase;
			buildActionMask = 2147483647;
			files = (
			);
			inputPaths = (
			);
			outputPaths = (
			);
			runOnlyForDeploymentPostprocessing = 0;
			shellPath = /bin/sh;
			shellScript = "# Run the unit tests in this test bundle.\n\"${SYSTEM_DEVELOPER_DIR}/Tools/RunUnitTests\"\n";
		};
/* End PBXShellScriptBuildPhase section */

/* Begin PBXSourcesBuildPhase section */
		C9FD3A2D16C4D04700F3757E /* Sources */ = {
			isa = PBXSourcesBuildPhase;
			buildActionMask = 2147483647;
			files = (
				C9FD3A3C16C4D04700F3757E /* MPEdn.m in Sources */,
				C92B5E7116C8C78200BEFCCA /* MPEdnSymbol.m in Sources */,
				C953E0AD16CDC852007E1043 /* MPEdnParser.m in Sources */,
				C953E0B416CDDDFA007E1043 /* MPEdnWriter.m in Sources */,
			);
			runOnlyForDeploymentPostprocessing = 0;
		};
		C9FD3A3D16C4D04800F3757E /* Sources */ = {
			isa = PBXSourcesBuildPhase;
			buildActionMask = 2147483647;
			files = (
				C9FD3A5316C4D04800F3757E /* MPEdnParserTests.m in Sources */,
				C9FD3A5C16C4D0F100F3757E /* MPEdn.m in Sources */,
				C92B5E7216C8C78200BEFCCA /* MPEdnSymbol.m in Sources */,
				C953E0B116CDDDA9007E1043 /* MPEdnWriterTests.m in Sources */,
				C953E0B516CDDDFA007E1043 /* MPEdnWriter.m in Sources */,
			);
			runOnlyForDeploymentPostprocessing = 0;
		};
/* End PBXSourcesBuildPhase section */

/* Begin PBXTargetDependency section */
		C9FD3A4916C4D04800F3757E /* PBXTargetDependency */ = {
			isa = PBXTargetDependency;
			target = C9FD3A3016C4D04700F3757E /* MPEdn */;
			targetProxy = C9FD3A4816C4D04800F3757E /* PBXContainerItemProxy */;
		};
/* End PBXTargetDependency section */

/* Begin PBXVariantGroup section */
		C9FD3A4E16C4D04800F3757E /* InfoPlist.strings */ = {
			isa = PBXVariantGroup;
			children = (
				C9FD3A4F16C4D04800F3757E /* en */,
			);
			name = InfoPlist.strings;
			sourceTree = "<group>";
		};
/* End PBXVariantGroup section */

/* Begin XCBuildConfiguration section */
		C9FD3A5416C4D04800F3757E /* Debug */ = {
			isa = XCBuildConfiguration;
			buildSettings = {
				ALWAYS_SEARCH_USER_PATHS = NO;
				CLANG_CXX_LANGUAGE_STANDARD = "gnu++0x";
				CLANG_CXX_LIBRARY = "libc++";
				CLANG_ENABLE_OBJC_ARC = YES;
				CLANG_WARN_EMPTY_BODY = YES;
				CLANG_WARN__DUPLICATE_METHOD_MATCH = YES;
				COPY_PHASE_STRIP = NO;
				GCC_C_LANGUAGE_STANDARD = gnu99;
				GCC_DYNAMIC_NO_PIC = NO;
				GCC_OPTIMIZATION_LEVEL = 0;
				GCC_PREPROCESSOR_DEFINITIONS = (
					"DEBUG=1",
					"$(inherited)",
				);
				GCC_SYMBOLS_PRIVATE_EXTERN = NO;
				GCC_WARN_ABOUT_RETURN_TYPE = YES;
				GCC_WARN_UNINITIALIZED_AUTOS = YES;
				GCC_WARN_UNUSED_VARIABLE = YES;
				IPHONEOS_DEPLOYMENT_TARGET = 6.0;
				ONLY_ACTIVE_ARCH = YES;
				SDKROOT = iphoneos;
			};
			name = Debug;
		};
		C9FD3A5516C4D04800F3757E /* Release */ = {
			isa = XCBuildConfiguration;
			buildSettings = {
				ALWAYS_SEARCH_USER_PATHS = NO;
				CLANG_CXX_LANGUAGE_STANDARD = "gnu++0x";
				CLANG_CXX_LIBRARY = "libc++";
				CLANG_ENABLE_OBJC_ARC = YES;
				CLANG_WARN_EMPTY_BODY = YES;
				CLANG_WARN__DUPLICATE_METHOD_MATCH = YES;
				COPY_PHASE_STRIP = YES;
				GCC_C_LANGUAGE_STANDARD = gnu99;
				GCC_WARN_ABOUT_RETURN_TYPE = YES;
				GCC_WARN_UNINITIALIZED_AUTOS = YES;
				GCC_WARN_UNUSED_VARIABLE = YES;
				IPHONEOS_DEPLOYMENT_TARGET = 6.0;
				SDKROOT = iphoneos;
				VALIDATE_PRODUCT = YES;
			};
			name = Release;
		};
		C9FD3A5716C4D04800F3757E /* Debug */ = {
			isa = XCBuildConfiguration;
			buildSettings = {
				DSTROOT = /tmp/MPEdn.dst;
				GCC_PRECOMPILE_PREFIX_HEADER = YES;
				GCC_PREFIX_HEADER = "MPEdn/MPEdn-Prefix.pch";
				OTHER_LDFLAGS = "-ObjC";
				PRODUCT_NAME = "$(TARGET_NAME)";
				SKIP_INSTALL = YES;
			};
			name = Debug;
		};
		C9FD3A5816C4D04800F3757E /* Release */ = {
			isa = XCBuildConfiguration;
			buildSettings = {
				DSTROOT = /tmp/MPEdn.dst;
				GCC_PRECOMPILE_PREFIX_HEADER = YES;
				GCC_PREFIX_HEADER = "MPEdn/MPEdn-Prefix.pch";
				OTHER_LDFLAGS = "-ObjC";
				PRODUCT_NAME = "$(TARGET_NAME)";
				SKIP_INSTALL = YES;
			};
			name = Release;
		};
		C9FD3A5A16C4D04800F3757E /* Debug */ = {
			isa = XCBuildConfiguration;
			buildSettings = {
				FRAMEWORK_SEARCH_PATHS = (
					"\"$(SDKROOT)/Developer/Library/Frameworks\"",
					"\"$(DEVELOPER_LIBRARY_DIR)/Frameworks\"",
				);
				GCC_PRECOMPILE_PREFIX_HEADER = YES;
				GCC_PREFIX_HEADER = "MPEdn/MPEdn-Prefix.pch";
				INFOPLIST_FILE = "MPEdnTests/MPEdnTests-Info.plist";
				PRODUCT_NAME = "$(TARGET_NAME)";
				WRAPPER_EXTENSION = octest;
			};
			name = Debug;
		};
		C9FD3A5B16C4D04800F3757E /* Release */ = {
			isa = XCBuildConfiguration;
			buildSettings = {
				FRAMEWORK_SEARCH_PATHS = (
					"\"$(SDKROOT)/Developer/Library/Frameworks\"",
					"\"$(DEVELOPER_LIBRARY_DIR)/Frameworks\"",
				);
				GCC_PRECOMPILE_PREFIX_HEADER = YES;
				GCC_PREFIX_HEADER = "MPEdn/MPEdn-Prefix.pch";
				INFOPLIST_FILE = "MPEdnTests/MPEdnTests-Info.plist";
				PRODUCT_NAME = "$(TARGET_NAME)";
				WRAPPER_EXTENSION = octest;
			};
			name = Release;
		};
/* End XCBuildConfiguration section */

/* Begin XCConfigurationList section */
		C9FD3A2B16C4D04700F3757E /* Build configuration list for PBXProject "MPEdn" */ = {
			isa = XCConfigurationList;
			buildConfigurations = (
				C9FD3A5416C4D04800F3757E /* Debug */,
				C9FD3A5516C4D04800F3757E /* Release */,
			);
			defaultConfigurationIsVisible = 0;
			defaultConfigurationName = Release;
		};
		C9FD3A5616C4D04800F3757E /* Build configuration list for PBXNativeTarget "MPEdn" */ = {
			isa = XCConfigurationList;
			buildConfigurations = (
				C9FD3A5716C4D04800F3757E /* Debug */,
				C9FD3A5816C4D04800F3757E /* Release */,
			);
			defaultConfigurationIsVisible = 0;
			defaultConfigurationName = Release;
		};
		C9FD3A5916C4D04800F3757E /* Build configuration list for PBXNativeTarget "MPEdnTests" */ = {
			isa = XCConfigurationList;
			buildConfigurations = (
				C9FD3A5A16C4D04800F3757E /* Debug */,
				C9FD3A5B16C4D04800F3757E /* Release */,
			);
			defaultConfigurationIsVisible = 0;
			defaultConfigurationName = Release;
		};
/* End XCConfigurationList section */
	};
	rootObject = C9FD3A2816C4D04700F3757E /* Project object */;
}
